
Microsoft Visual Studio Solution File, Format Version 12.00
# Visual Studio Version 17
VisualStudioVersion = 17.5.33414.496
MinimumVisualStudioVersion = 10.0.40219.1
Project("{FAE04EC0-301F-11D3-BF4B-00C04F79EFBC}") = "csc-digital-server-app", "csc-digital-server-app.csproj", "{3A756DAA-5F62-43F5-B9F4-62593DB6BD3D}"
EndProject
Global
	GlobalSection(SolutionConfigurationPlatforms) = preSolution
		Debug|Any CPU = Debug|Any CPU
		Release|Any CPU = Release|Any CPU
	EndGlobalSection
	GlobalSection(ProjectConfigurationPlatforms) = postSolution
		{3A756DAA-5F62-43F5-B9F4-62593DB6BD3D}.Debug|Any CPU.ActiveCfg = Debug|Any CPU
		{3A756DAA-5F62-43F5-B9F4-62593DB6BD3D}.Debug|Any CPU.Build.0 = Debug|Any CPU
		{3A756DAA-5F62-43F5-B9F4-62593DB6BD3D}.Release|Any CPU.ActiveCfg = Release|Any CPU
		{3A756DAA-5F62-43F5-B9F4-62593DB6BD3D}.Release|Any CPU.Build.0 = Release|Any CPU
	EndGlobalSection
	GlobalSection(SolutionProperties) = preSolution
		HideSolutionNode = FALSE
	EndGlobalSection
	GlobalSection(ExtensibilityGlobals) = postSolution
		SolutionGuid = {08ED04CB-00CF-4BDD-9AF8-9545CBB2320A}
	EndGlobalSection
EndGlobal
